
Microsoft Visual Studio Solution File, Format Version 12.00
# Visual Studio Version 17
VisualStudioVersion = 17.13.35818.85 d17.13
MinimumVisualStudioVersion = 10.0.40219.1
Project("{FAE04EC0-301F-11D3-BF4B-00C04F79EFBC}") = "EmailPush", "EmailPush\EmailPush.csproj", "{B20B5F46-A170-43DC-9F4F-28959EFECB99}"
EndProject
Project("{FAE04EC0-301F-11D3-BF4B-00C04F79EFBC}") = "EmailPush.Domain", "EmailPush.Domain\EmailPush.Domain.csproj", "{BE98B06D-0CC0-4D9F-BEFC-55EE4F2D1DD0}"
EndProject
Project("{FAE04EC0-301F-11D3-BF4B-00C04F79EFBC}") = "EmailPush.Application", "EmailPush.Application\EmailPush.Application.csproj", "{438E7332-AA39-495C-917B-05FF35E20729}"
EndProject
Project("{FAE04EC0-301F-11D3-BF4B-00C04F79EFBC}") = "EmailPush.Infrastructure", "EmailPush.Infrastructure\EmailPush.Infrastructure.csproj", "{AEC34AE4-E4C1-4AB6-99E8-DF7B00A47D05}"
EndProject
Project("{FAE04EC0-301F-11D3-BF4B-00C04F79EFBC}") = "EmailPush.Worker", "EmailPush.Worker\EmailPush.Worker.csproj", "{AB2DCAF1-C568-406A-9E4A-562E2B1B09C4}"
EndProject
Global
	GlobalSection(SolutionConfigurationPlatforms) = preSolution
		Debug|Any CPU = Debug|Any CPU
		Release|Any CPU = Release|Any CPU
	EndGlobalSection
	GlobalSection(ProjectConfigurationPlatforms) = postSolution
		{B20B5F46-A170-43DC-9F4F-28959EFECB99}.Debug|Any CPU.ActiveCfg = Debug|Any CPU
		{B20B5F46-A170-43DC-9F4F-28959EFECB99}.Debug|Any CPU.Build.0 = Debug|Any CPU
		{B20B5F46-A170-43DC-9F4F-28959EFECB99}.Release|Any CPU.ActiveCfg = Release|Any CPU
		{B20B5F46-A170-43DC-9F4F-28959EFECB99}.Release|Any CPU.Build.0 = Release|Any CPU
		{BE98B06D-0CC0-4D9F-BEFC-55EE4F2D1DD0}.Debug|Any CPU.ActiveCfg = Debug|Any CPU
		{BE98B06D-0CC0-4D9F-BEFC-55EE4F2D1DD0}.Debug|Any CPU.Build.0 = Debug|Any CPU
		{BE98B06D-0CC0-4D9F-BEFC-55EE4F2D1DD0}.Release|Any CPU.ActiveCfg = Release|Any CPU
		{BE98B06D-0CC0-4D9F-BEFC-55EE4F2D1DD0}.Release|Any CPU.Build.0 = Release|Any CPU
		{438E7332-AA39-495C-917B-05FF35E20729}.Debug|Any CPU.ActiveCfg = Debug|Any CPU
		{438E7332-AA39-495C-917B-05FF35E20729}.Debug|Any CPU.Build.0 = Debug|Any CPU
		{438E7332-AA39-495C-917B-05FF35E20729}.Release|Any CPU.ActiveCfg = Release|Any CPU
		{438E7332-AA39-495C-917B-05FF35E20729}.Release|Any CPU.Build.0 = Release|Any CPU
		{AEC34AE4-E4C1-4AB6-99E8-DF7B00A47D05}.Debug|Any CPU.ActiveCfg = Debug|Any CPU
		{AEC34AE4-E4C1-4AB6-99E8-DF7B00A47D05}.Debug|Any CPU.Build.0 = Debug|Any CPU
		{AEC34AE4-E4C1-4AB6-99E8-DF7B00A47D05}.Release|Any CPU.ActiveCfg = Release|Any CPU
		{AEC34AE4-E4C1-4AB6-99E8-DF7B00A47D05}.Release|Any CPU.Build.0 = Release|Any CPU
		{AB2DCAF1-C568-406A-9E4A-562E2B1B09C4}.Debug|Any CPU.ActiveCfg = Debug|Any CPU
		{AB2DCAF1-C568-406A-9E4A-562E2B1B09C4}.Debug|Any CPU.Build.0 = Debug|Any CPU
		{AB2DCAF1-C568-406A-9E4A-562E2B1B09C4}.Release|Any CPU.ActiveCfg = Release|Any CPU
		{AB2DCAF1-C568-406A-9E4A-562E2B1B09C4}.Release|Any CPU.Build.0 = Release|Any CPU
	EndGlobalSection
	GlobalSection(SolutionProperties) = preSolution
		HideSolutionNode = FALSE
	EndGlobalSection
	GlobalSection(ExtensibilityGlobals) = postSolution
		SolutionGuid = {0056839F-86F6-4A25-A5A0-AF1786F5270B}
	EndGlobalSection
EndGlobal
